
Microsoft Visual Studio Solution File, Format Version 12.00
# Visual Studio Version 16
VisualStudioVersion = 16.0.30804.86
MinimumVisualStudioVersion = 10.0.40219.1
Project("{8BC9CEB8-8B4A-11D0-8D11-00A0C91BC942}") = "Wather", "Wather\Wather.vcxproj", "{9A097F69-4162-4FC9-9062-FE324041DE14}"
EndProject
Project("{8BC9CEB8-8B4A-11D0-8D11-00A0C91BC942}") = "Server", "Server\Server.vcxproj", "{C38ACB91-FCA4-4ADA-986C-B237553E0921}"
EndProject
Project("{8BC9CEB8-8B4A-11D0-8D11-00A0C91BC942}") = "TcpSockets", "TcpSockets\TcpSockets.vcxproj", "{12276BAB-A79C-4D2E-AB46-B79BD3EFA6FF}"
EndProject
Global
	GlobalSection(SolutionConfigurationPlatforms) = preSolution
		Debug|x64 = Debug|x64
		Debug|x86 = Debug|x86
		Release|x64 = Release|x64
		Release|x86 = Release|x86
	EndGlobalSection
	GlobalSection(ProjectConfigurationPlatforms) = postSolution
		{9A097F69-4162-4FC9-9062-FE324041DE14}.Debug|x64.ActiveCfg = Debug|x64
		{9A097F69-4162-4FC9-9062-FE324041DE14}.Debug|x64.Build.0 = Debug|x64
		{9A097F69-4162-4FC9-9062-FE324041DE14}.Debug|x86.ActiveCfg = Debug|Win32
		{9A097F69-4162-4FC9-9062-FE324041DE14}.Debug|x86.Build.0 = Debug|Win32
		{9A097F69-4162-4FC9-9062-FE324041DE14}.Release|x64.ActiveCfg = Release|x64
		{9A097F69-4162-4FC9-9062-FE324041DE14}.Release|x64.Build.0 = Release|x64
		{9A097F69-4162-4FC9-9062-FE324041DE14}.Release|x86.ActiveCfg = Release|Win32
		{9A097F69-4162-4FC9-9062-FE324041DE14}.Release|x86.Build.0 = Release|Win32
		{C38ACB91-FCA4-4ADA-986C-B237553E0921}.Debug|x64.ActiveCfg = Debug|x64
		{C38ACB91-FCA4-4ADA-986C-B237553E0921}.Debug|x64.Build.0 = Debug|x64
		{C38ACB91-FCA4-4ADA-986C-B237553E0921}.Debug|x86.ActiveCfg = Debug|Win32
		{C38ACB91-FCA4-4ADA-986C-B237553E0921}.Debug|x86.Build.0 = Debug|Win32
		{C38ACB91-FCA4-4ADA-986C-B237553E0921}.Release|x64.ActiveCfg = Release|x64
		{C38ACB91-FCA4-4ADA-986C-B237553E0921}.Release|x64.Build.0 = Release|x64
		{C38ACB91-FCA4-4ADA-986C-B237553E0921}.Release|x86.ActiveCfg = Release|Win32
		{C38ACB91-FCA4-4ADA-986C-B237553E0921}.Release|x86.Build.0 = Release|Win32
		{12276BAB-A79C-4D2E-AB46-B79BD3EFA6FF}.Debug|x64.ActiveCfg = Debug|x64
		{12276BAB-A79C-4D2E-AB46-B79BD3EFA6FF}.Debug|x64.Build.0 = Debug|x64
		{12276BAB-A79C-4D2E-AB46-B79BD3EFA6FF}.Debug|x86.ActiveCfg = Debug|Win32
		{12276BAB-A79C-4D2E-AB46-B79BD3EFA6FF}.Debug|x86.Build.0 = Debug|Win32
		{12276BAB-A79C-4D2E-AB46-B79BD3EFA6FF}.Release|x64.ActiveCfg = Release|x64
		{12276BAB-A79C-4D2E-AB46-B79BD3EFA6FF}.Release|x64.Build.0 = Release|x64
		{12276BAB-A79C-4D2E-AB46-B79BD3EFA6FF}.Release|x86.ActiveCfg = Release|Win32
		{12276BAB-A79C-4D2E-AB46-B79BD3EFA6FF}.Release|x86.Build.0 = Release|Win32
	EndGlobalSection
	GlobalSection(SolutionProperties) = preSolution
		HideSolutionNode = FALSE
	EndGlobalSection
	GlobalSection(ExtensibilityGlobals) = postSolution
		SolutionGuid = {2FEFC7C7-C72C-4AE2-9DBB-B04D8C089B8C}
	EndGlobalSection
EndGlobal
